
Microsoft Visual Studio Solution File, Format Version 12.00
# Visual Studio Version 16
VisualStudioVersion = 16.0.29102.190
MinimumVisualStudioVersion = 10.0.40219.1
Project("{9A19103F-16F7-4668-BE54-9A1E7A4F7556}") = "Thrush.Core", "Thrush.Core\Thrush.Core.csproj", "{77A38872-12A8-4E03-AD48-827F2AAB5318}"
EndProject
Project("{FAE04EC0-301F-11D3-BF4B-00C04F79EFBC}") = "Thrush.Droid", "Thrush.Droid\Thrush.Droid.csproj", "{23B9D7A8-8013-483A-ABB3-839DA8A7D930}"
EndProject
Project("{FAE04EC0-301F-11D3-BF4B-00C04F79EFBC}") = "Thrush.iOS", "Thrush.iOS\Thrush.iOS.csproj", "{84BCE6E4-7B30-4A78-A73F-D188F4A57C86}"
EndProject
Project("{9A19103F-16F7-4668-BE54-9A1E7A4F7556}") = "Thrush.Services", "Thrush.Services\Thrush.Services.csproj", "{C6591A66-5140-4888-A20C-52D3061E2677}"
EndProject
Project("{FAE04EC0-301F-11D3-BF4B-00C04F79EFBC}") = "Thrush.Mac", "Thrush.Mac\Thrush.Mac.csproj", "{8BBA03A0-A640-4869-A515-9E2656A33C16}"
EndProject
Project("{2150E333-8FDC-42A3-9474-1A3956D46DE8}") = "Solution Items", "Solution Items", "{F4516564-D5D3-4544-B85B-B011C4B581D9}"
	ProjectSection(SolutionItems) = preProject
		.gitignore = .gitignore
		Directory.build.props = Directory.build.props
		Directory.build.targets = Directory.build.targets
	EndProjectSection
EndProject
Project("{9A19103F-16F7-4668-BE54-9A1E7A4F7556}") = "MonkeyCache", "MonkeyCache\MonkeyCache.csproj", "{9C9CF464-2AFE-43D4-B7FF-345B6E5C9340}"
EndProject
Project("{9A19103F-16F7-4668-BE54-9A1E7A4F7556}") = "MonkeyCache.FileStore", "MonkeyCache.FileStore\MonkeyCache.FileStore.csproj", "{879D4B06-9CE9-4CC8-9340-84D5B688A3EE}"
EndProject
Project("{9A19103F-16F7-4668-BE54-9A1E7A4F7556}") = "MonkeyCache.LiteDB", "MonkeyCache.LiteDB\MonkeyCache.LiteDB.csproj", "{05A656B1-70B4-4422-9979-33252F04E8A8}"
EndProject
Project("{D954291E-2A0B-460D-934E-DC6B0785DB48}") = "MonkeyCache.Shared", "MonkeyCache.Shared\MonkeyCache.Shared.shproj", "{E0C1434C-0663-4C0B-B35D-E88F4DE2A608}"
EndProject
Project("{9A19103F-16F7-4668-BE54-9A1E7A4F7556}") = "MonkeyCache.SQLite", "MonkeyCache.SQLite\MonkeyCache.SQLite.csproj", "{18504FCB-634D-47B9-BA9C-C071FA2C6B14}"
EndProject
Project("{2150E333-8FDC-42A3-9474-1A3956D46DE8}") = "Monkey", "Monkey", "{D6756AF5-9C82-41D6-BD99-746E7A28D908}"
EndProject
Global
	GlobalSection(SharedMSBuildProjectFiles) = preSolution
		MonkeyCache.Shared\MonkeyCache.Shared.projitems*{e0c1434c-0663-4c0b-b35d-e88f4de2a608}*SharedItemsImports = 13
	EndGlobalSection
	GlobalSection(SolutionConfigurationPlatforms) = preSolution
		Debug|Any CPU = Debug|Any CPU
		Debug|ARM = Debug|ARM
		Debug|iPhone = Debug|iPhone
		Debug|iPhoneSimulator = Debug|iPhoneSimulator
		Debug|x64 = Debug|x64
		Debug|x86 = Debug|x86
		Release|Any CPU = Release|Any CPU
		Release|ARM = Release|ARM
		Release|iPhone = Release|iPhone
		Release|iPhoneSimulator = Release|iPhoneSimulator
		Release|x64 = Release|x64
		Release|x86 = Release|x86
	EndGlobalSection
	GlobalSection(ProjectConfigurationPlatforms) = postSolution
		{77A38872-12A8-4E03-AD48-827F2AAB5318}.Debug|Any CPU.ActiveCfg = Debug|Any CPU
		{77A38872-12A8-4E03-AD48-827F2AAB5318}.Debug|Any CPU.Build.0 = Debug|Any CPU
		{77A38872-12A8-4E03-AD48-827F2AAB5318}.Debug|ARM.ActiveCfg = Debug|Any CPU
		{77A38872-12A8-4E03-AD48-827F2AAB5318}.Debug|ARM.Build.0 = Debug|Any CPU
		{77A38872-12A8-4E03-AD48-827F2AAB5318}.Debug|iPhone.ActiveCfg = Debug|Any CPU
		{77A38872-12A8-4E03-AD48-827F2AAB5318}.Debug|iPhone.Build.0 = Debug|Any CPU
		{77A38872-12A8-4E03-AD48-827F2AAB5318}.Debug|iPhoneSimulator.ActiveCfg = Debug|Any CPU
		{77A38872-12A8-4E03-AD48-827F2AAB5318}.Debug|iPhoneSimulator.Build.0 = Debug|Any CPU
		{77A38872-12A8-4E03-AD48-827F2AAB5318}.Debug|x64.ActiveCfg = Debug|Any CPU
		{77A38872-12A8-4E03-AD48-827F2AAB5318}.Debug|x64.Build.0 = Debug|Any CPU
		{77A38872-12A8-4E03-AD48-827F2AAB5318}.Debug|x86.ActiveCfg = Debug|Any CPU
		{77A38872-12A8-4E03-AD48-827F2AAB5318}.Debug|x86.Build.0 = Debug|Any CPU
		{77A38872-12A8-4E03-AD48-827F2AAB5318}.Release|Any CPU.ActiveCfg = Release|Any CPU
		{77A38872-12A8-4E03-AD48-827F2AAB5318}.Release|Any CPU.Build.0 = Release|Any CPU
		{77A38872-12A8-4E03-AD48-827F2AAB5318}.Release|ARM.ActiveCfg = Release|Any CPU
		{77A38872-12A8-4E03-AD48-827F2AAB5318}.Release|ARM.Build.0 = Release|Any CPU
		{77A38872-12A8-4E03-AD48-827F2AAB5318}.Release|iPhone.ActiveCfg = Release|Any CPU
		{77A38872-12A8-4E03-AD48-827F2AAB5318}.Release|iPhone.Build.0 = Release|Any CPU
		{77A38872-12A8-4E03-AD48-827F2AAB5318}.Release|iPhoneSimulator.ActiveCfg = Release|Any CPU
		{77A38872-12A8-4E03-AD48-827F2AAB5318}.Release|iPhoneSimulator.Build.0 = Release|Any CPU
		{77A38872-12A8-4E03-AD48-827F2AAB5318}.Release|x64.ActiveCfg = Release|Any CPU
		{77A38872-12A8-4E03-AD48-827F2AAB5318}.Release|x64.Build.0 = Release|Any CPU
		{77A38872-12A8-4E03-AD48-827F2AAB5318}.Release|x86.ActiveCfg = Release|Any CPU
		{77A38872-12A8-4E03-AD48-827F2AAB5318}.Release|x86.Build.0 = Release|Any CPU
		{23B9D7A8-8013-483A-ABB3-839DA8A7D930}.Debug|Any CPU.ActiveCfg = Debug|Any CPU
		{23B9D7A8-8013-483A-ABB3-839DA8A7D930}.Debug|Any CPU.Build.0 = Debug|Any CPU
		{23B9D7A8-8013-483A-ABB3-839DA8A7D930}.Debug|Any CPU.Deploy.0 = Debug|Any CPU
		{23B9D7A8-8013-483A-ABB3-839DA8A7D930}.Debug|ARM.ActiveCfg = Debug|Any CPU
		{23B9D7A8-8013-483A-ABB3-839DA8A7D930}.Debug|ARM.Build.0 = Debug|Any CPU
		{23B9D7A8-8013-483A-ABB3-839DA8A7D930}.Debug|ARM.Deploy.0 = Debug|Any CPU
		{23B9D7A8-8013-483A-ABB3-839DA8A7D930}.Debug|iPhone.ActiveCfg = Debug|Any CPU
		{23B9D7A8-8013-483A-ABB3-839DA8A7D930}.Debug|iPhone.Build.0 = Debug|Any CPU
		{23B9D7A8-8013-483A-ABB3-839DA8A7D930}.Debug|iPhone.Deploy.0 = Debug|Any CPU
		{23B9D7A8-8013-483A-ABB3-839DA8A7D930}.Debug|iPhoneSimulator.ActiveCfg = Debug|Any CPU
		{23B9D7A8-8013-483A-ABB3-839DA8A7D930}.Debug|iPhoneSimulator.Build.0 = Debug|Any CPU
		{23B9D7A8-8013-483A-ABB3-839DA8A7D930}.Debug|iPhoneSimulator.Deploy.0 = Debug|Any CPU
		{23B9D7A8-8013-483A-ABB3-839DA8A7D930}.Debug|x64.ActiveCfg = Debug|Any CPU
		{23B9D7A8-8013-483A-ABB3-839DA8A7D930}.Debug|x64.Build.0 = Debug|Any CPU
		{23B9D7A8-8013-483A-ABB3-839DA8A7D930}.Debug|x64.Deploy.0 = Debug|Any CPU
		{23B9D7A8-8013-483A-ABB3-839DA8A7D930}.Debug|x86.ActiveCfg = Debug|Any CPU
		{23B9D7A8-8013-483A-ABB3-839DA8A7D930}.Debug|x86.Build.0 = Debug|Any CPU
		{23B9D7A8-8013-483A-ABB3-839DA8A7D930}.Debug|x86.Deploy.0 = Debug|Any CPU
		{23B9D7A8-8013-483A-ABB3-839DA8A7D930}.Release|Any CPU.ActiveCfg = Release|Any CPU
		{23B9D7A8-8013-483A-ABB3-839DA8A7D930}.Release|Any CPU.Build.0 = Release|Any CPU
		{23B9D7A8-8013-483A-ABB3-839DA8A7D930}.Release|Any CPU.Deploy.0 = Release|Any CPU
		{23B9D7A8-8013-483A-ABB3-839DA8A7D930}.Release|ARM.ActiveCfg = Release|Any CPU
		{23B9D7A8-8013-483A-ABB3-839DA8A7D930}.Release|ARM.Build.0 = Release|Any CPU
		{23B9D7A8-8013-483A-ABB3-839DA8A7D930}.Release|ARM.Deploy.0 = Release|Any CPU
		{23B9D7A8-8013-483A-ABB3-839DA8A7D930}.Release|iPhone.ActiveCfg = Release|Any CPU
		{23B9D7A8-8013-483A-ABB3-839DA8A7D930}.Release|iPhone.Build.0 = Release|Any CPU
		{23B9D7A8-8013-483A-ABB3-839DA8A7D930}.Release|iPhone.Deploy.0 = Release|Any CPU
		{23B9D7A8-8013-483A-ABB3-839DA8A7D930}.Release|iPhoneSimulator.ActiveCfg = Release|Any CPU
		{23B9D7A8-8013-483A-ABB3-839DA8A7D930}.Release|iPhoneSimulator.Build.0 = Release|Any CPU
		{23B9D7A8-8013-483A-ABB3-839DA8A7D930}.Release|iPhoneSimulator.Deploy.0 = Release|Any CPU
		{23B9D7A8-8013-483A-ABB3-839DA8A7D930}.Release|x64.ActiveCfg = Release|Any CPU
		{23B9D7A8-8013-483A-ABB3-839DA8A7D930}.Release|x64.Build.0 = Release|Any CPU
		{23B9D7A8-8013-483A-ABB3-839DA8A7D930}.Release|x64.Deploy.0 = Release|Any CPU
		{23B9D7A8-8013-483A-ABB3-839DA8A7D930}.Release|x86.ActiveCfg = Release|Any CPU
		{23B9D7A8-8013-483A-ABB3-839DA8A7D930}.Release|x86.Build.0 = Release|Any CPU
		{23B9D7A8-8013-483A-ABB3-839DA8A7D930}.Release|x86.Deploy.0 = Release|Any CPU
		{84BCE6E4-7B30-4A78-A73F-D188F4A57C86}.Debug|Any CPU.ActiveCfg = Debug|iPhone
		{84BCE6E4-7B30-4A78-A73F-D188F4A57C86}.Debug|ARM.ActiveCfg = Debug|iPhone
		{84BCE6E4-7B30-4A78-A73F-D188F4A57C86}.Debug|iPhone.ActiveCfg = Debug|iPhone
		{84BCE6E4-7B30-4A78-A73F-D188F4A57C86}.Debug|iPhone.Build.0 = Debug|iPhone
		{84BCE6E4-7B30-4A78-A73F-D188F4A57C86}.Debug|iPhoneSimulator.ActiveCfg = Debug|iPhoneSimulator
		{84BCE6E4-7B30-4A78-A73F-D188F4A57C86}.Debug|iPhoneSimulator.Build.0 = Debug|iPhoneSimulator
		{84BCE6E4-7B30-4A78-A73F-D188F4A57C86}.Debug|x64.ActiveCfg = Debug|iPhone
		{84BCE6E4-7B30-4A78-A73F-D188F4A57C86}.Debug|x86.ActiveCfg = Debug|iPhone
		{84BCE6E4-7B30-4A78-A73F-D188F4A57C86}.Release|Any CPU.ActiveCfg = Release|iPhone
		{84BCE6E4-7B30-4A78-A73F-D188F4A57C86}.Release|ARM.ActiveCfg = Release|iPhone
		{84BCE6E4-7B30-4A78-A73F-D188F4A57C86}.Release|iPhone.ActiveCfg = Release|iPhone
		{84BCE6E4-7B30-4A78-A73F-D188F4A57C86}.Release|iPhone.Build.0 = Release|iPhone
		{84BCE6E4-7B30-4A78-A73F-D188F4A57C86}.Release|iPhoneSimulator.ActiveCfg = Release|iPhoneSimulator
		{84BCE6E4-7B30-4A78-A73F-D188F4A57C86}.Release|iPhoneSimulator.Build.0 = Release|iPhoneSimulator
		{84BCE6E4-7B30-4A78-A73F-D188F4A57C86}.Release|x64.ActiveCfg = Release|iPhone
		{84BCE6E4-7B30-4A78-A73F-D188F4A57C86}.Release|x86.ActiveCfg = Release|iPhone
		{C6591A66-5140-4888-A20C-52D3061E2677}.Debug|Any CPU.ActiveCfg = Debug|Any CPU
		{C6591A66-5140-4888-A20C-52D3061E2677}.Debug|Any CPU.Build.0 = Debug|Any CPU
		{C6591A66-5140-4888-A20C-52D3061E2677}.Debug|ARM.ActiveCfg = Debug|Any CPU
		{C6591A66-5140-4888-A20C-52D3061E2677}.Debug|ARM.Build.0 = Debug|Any CPU
		{C6591A66-5140-4888-A20C-52D3061E2677}.Debug|iPhone.ActiveCfg = Debug|Any CPU
		{C6591A66-5140-4888-A20C-52D3061E2677}.Debug|iPhone.Build.0 = Debug|Any CPU
		{C6591A66-5140-4888-A20C-52D3061E2677}.Debug|iPhoneSimulator.ActiveCfg = Debug|Any CPU
		{C6591A66-5140-4888-A20C-52D3061E2677}.Debug|iPhoneSimulator.Build.0 = Debug|Any CPU
		{C6591A66-5140-4888-A20C-52D3061E2677}.Debug|x64.ActiveCfg = Debug|Any CPU
		{C6591A66-5140-4888-A20C-52D3061E2677}.Debug|x64.Build.0 = Debug|Any CPU
		{C6591A66-5140-4888-A20C-52D3061E2677}.Debug|x86.ActiveCfg = Debug|Any CPU
		{C6591A66-5140-4888-A20C-52D3061E2677}.Debug|x86.Build.0 = Debug|Any CPU
		{C6591A66-5140-4888-A20C-52D3061E2677}.Release|Any CPU.ActiveCfg = Release|Any CPU
		{C6591A66-5140-4888-A20C-52D3061E2677}.Release|Any CPU.Build.0 = Release|Any CPU
		{C6591A66-5140-4888-A20C-52D3061E2677}.Release|ARM.ActiveCfg = Release|Any CPU
		{C6591A66-5140-4888-A20C-52D3061E2677}.Release|ARM.Build.0 = Release|Any CPU
		{C6591A66-5140-4888-A20C-52D3061E2677}.Release|iPhone.ActiveCfg = Release|Any CPU
		{C6591A66-5140-4888-A20C-52D3061E2677}.Release|iPhone.Build.0 = Release|Any CPU
		{C6591A66-5140-4888-A20C-52D3061E2677}.Release|iPhoneSimulator.ActiveCfg = Release|Any CPU
		{C6591A66-5140-4888-A20C-52D3061E2677}.Release|iPhoneSimulator.Build.0 = Release|Any CPU
		{C6591A66-5140-4888-A20C-52D3061E2677}.Release|x64.ActiveCfg = Release|Any CPU
		{C6591A66-5140-4888-A20C-52D3061E2677}.Release|x64.Build.0 = Release|Any CPU
		{C6591A66-5140-4888-A20C-52D3061E2677}.Release|x86.ActiveCfg = Release|Any CPU
		{C6591A66-5140-4888-A20C-52D3061E2677}.Release|x86.Build.0 = Release|Any CPU
		{8BBA03A0-A640-4869-A515-9E2656A33C16}.Debug|Any CPU.ActiveCfg = Debug|Any CPU
		{8BBA03A0-A640-4869-A515-9E2656A33C16}.Debug|Any CPU.Build.0 = Debug|Any CPU
		{8BBA03A0-A640-4869-A515-9E2656A33C16}.Debug|ARM.ActiveCfg = Debug|Any CPU
		{8BBA03A0-A640-4869-A515-9E2656A33C16}.Debug|ARM.Build.0 = Debug|Any CPU
		{8BBA03A0-A640-4869-A515-9E2656A33C16}.Debug|iPhone.ActiveCfg = Debug|Any CPU
		{8BBA03A0-A640-4869-A515-9E2656A33C16}.Debug|iPhone.Build.0 = Debug|Any CPU
		{8BBA03A0-A640-4869-A515-9E2656A33C16}.Debug|iPhoneSimulator.ActiveCfg = Debug|Any CPU
		{8BBA03A0-A640-4869-A515-9E2656A33C16}.Debug|iPhoneSimulator.Build.0 = Debug|Any CPU
		{8BBA03A0-A640-4869-A515-9E2656A33C16}.Debug|x64.ActiveCfg = Debug|Any CPU
		{8BBA03A0-A640-4869-A515-9E2656A33C16}.Debug|x64.Build.0 = Debug|Any CPU
		{8BBA03A0-A640-4869-A515-9E2656A33C16}.Debug|x86.ActiveCfg = Debug|Any CPU
		{8BBA03A0-A640-4869-A515-9E2656A33C16}.Debug|x86.Build.0 = Debug|Any CPU
		{8BBA03A0-A640-4869-A515-9E2656A33C16}.Release|Any CPU.ActiveCfg = Release|Any CPU
		{8BBA03A0-A640-4869-A515-9E2656A33C16}.Release|Any CPU.Build.0 = Release|Any CPU
		{8BBA03A0-A640-4869-A515-9E2656A33C16}.Release|ARM.ActiveCfg = Release|Any CPU
		{8BBA03A0-A640-4869-A515-9E2656A33C16}.Release|ARM.Build.0 = Release|Any CPU
		{8BBA03A0-A640-4869-A515-9E2656A33C16}.Release|iPhone.ActiveCfg = Release|Any CPU
		{8BBA03A0-A640-4869-A515-9E2656A33C16}.Release|iPhone.Build.0 = Release|Any CPU
		{8BBA03A0-A640-4869-A515-9E2656A33C16}.Release|iPhoneSimulator.ActiveCfg = Release|Any CPU
		{8BBA03A0-A640-4869-A515-9E2656A33C16}.Release|iPhoneSimulator.Build.0 = Release|Any CPU
		{8BBA03A0-A640-4869-A515-9E2656A33C16}.Release|x64.ActiveCfg = Release|Any CPU
		{8BBA03A0-A640-4869-A515-9E2656A33C16}.Release|x64.Build.0 = Release|Any CPU
		{8BBA03A0-A640-4869-A515-9E2656A33C16}.Release|x86.ActiveCfg = Release|Any CPU
		{8BBA03A0-A640-4869-A515-9E2656A33C16}.Release|x86.Build.0 = Release|Any CPU
		{9C9CF464-2AFE-43D4-B7FF-345B6E5C9340}.Debug|Any CPU.ActiveCfg = Debug|Any CPU
		{9C9CF464-2AFE-43D4-B7FF-345B6E5C9340}.Debug|Any CPU.Build.0 = Debug|Any CPU
		{9C9CF464-2AFE-43D4-B7FF-345B6E5C9340}.Debug|ARM.ActiveCfg = Debug|Any CPU
		{9C9CF464-2AFE-43D4-B7FF-345B6E5C9340}.Debug|ARM.Build.0 = Debug|Any CPU
		{9C9CF464-2AFE-43D4-B7FF-345B6E5C9340}.Debug|iPhone.ActiveCfg = Debug|Any CPU
		{9C9CF464-2AFE-43D4-B7FF-345B6E5C9340}.Debug|iPhone.Build.0 = Debug|Any CPU
		{9C9CF464-2AFE-43D4-B7FF-345B6E5C9340}.Debug|iPhoneSimulator.ActiveCfg = Debug|Any CPU
		{9C9CF464-2AFE-43D4-B7FF-345B6E5C9340}.Debug|iPhoneSimulator.Build.0 = Debug|Any CPU
		{9C9CF464-2AFE-43D4-B7FF-345B6E5C9340}.Debug|x64.ActiveCfg = Debug|Any CPU
		{9C9CF464-2AFE-43D4-B7FF-345B6E5C9340}.Debug|x64.Build.0 = Debug|Any CPU
		{9C9CF464-2AFE-43D4-B7FF-345B6E5C9340}.Debug|x86.ActiveCfg = Debug|Any CPU
		{9C9CF464-2AFE-43D4-B7FF-345B6E5C9340}.Debug|x86.Build.0 = Debug|Any CPU
		{9C9CF464-2AFE-43D4-B7FF-345B6E5C9340}.Release|Any CPU.ActiveCfg = Release|Any CPU
		{9C9CF464-2AFE-43D4-B7FF-345B6E5C9340}.Release|Any CPU.Build.0 = Release|Any CPU
		{9C9CF464-2AFE-43D4-B7FF-345B6E5C9340}.Release|ARM.ActiveCfg = Release|Any CPU
		{9C9CF464-2AFE-43D4-B7FF-345B6E5C9340}.Release|ARM.Build.0 = Release|Any CPU
		{9C9CF464-2AFE-43D4-B7FF-345B6E5C9340}.Release|iPhone.ActiveCfg = Release|Any CPU
		{9C9CF464-2AFE-43D4-B7FF-345B6E5C9340}.Release|iPhone.Build.0 = Release|Any CPU
		{9C9CF464-2AFE-43D4-B7FF-345B6E5C9340}.Release|iPhoneSimulator.ActiveCfg = Release|Any CPU
		{9C9CF464-2AFE-43D4-B7FF-345B6E5C9340}.Release|iPhoneSimulator.Build.0 = Release|Any CPU
		{9C9CF464-2AFE-43D4-B7FF-345B6E5C9340}.Release|x64.ActiveCfg = Release|Any CPU
		{9C9CF464-2AFE-43D4-B7FF-345B6E5C9340}.Release|x64.Build.0 = Release|Any CPU
		{9C9CF464-2AFE-43D4-B7FF-345B6E5C9340}.Release|x86.ActiveCfg = Release|Any CPU
		{9C9CF464-2AFE-43D4-B7FF-345B6E5C9340}.Release|x86.Build.0 = Release|Any CPU
		{879D4B06-9CE9-4CC8-9340-84D5B688A3EE}.Debug|Any CPU.ActiveCfg = Debug|Any CPU
		{879D4B06-9CE9-4CC8-9340-84D5B688A3EE}.Debug|Any CPU.Build.0 = Debug|Any CPU
		{879D4B06-9CE9-4CC8-9340-84D5B688A3EE}.Debug|ARM.ActiveCfg = Debug|Any CPU
		{879D4B06-9CE9-4CC8-9340-84D5B688A3EE}.Debug|ARM.Build.0 = Debug|Any CPU
		{879D4B06-9CE9-4CC8-9340-84D5B688A3EE}.Debug|iPhone.ActiveCfg = Debug|Any CPU
		{879D4B06-9CE9-4CC8-9340-84D5B688A3EE}.Debug|iPhone.Build.0 = Debug|Any CPU
		{879D4B06-9CE9-4CC8-9340-84D5B688A3EE}.Debug|iPhoneSimulator.ActiveCfg = Debug|Any CPU
		{879D4B06-9CE9-4CC8-9340-84D5B688A3EE}.Debug|iPhoneSimulator.Build.0 = Debug|Any CPU
		{879D4B06-9CE9-4CC8-9340-84D5B688A3EE}.Debug|x64.ActiveCfg = Debug|Any CPU
		{879D4B06-9CE9-4CC8-9340-84D5B688A3EE}.Debug|x64.Build.0 = Debug|Any CPU
		{879D4B06-9CE9-4CC8-9340-84D5B688A3EE}.Debug|x86.ActiveCfg = Debug|Any CPU
		{879D4B06-9CE9-4CC8-9340-84D5B688A3EE}.Debug|x86.Build.0 = Debug|Any CPU
		{879D4B06-9CE9-4CC8-9340-84D5B688A3EE}.Release|Any CPU.ActiveCfg = Release|Any CPU
		{879D4B06-9CE9-4CC8-9340-84D5B688A3EE}.Release|Any CPU.Build.0 = Release|Any CPU
		{879D4B06-9CE9-4CC8-9340-84D5B688A3EE}.Release|ARM.ActiveCfg = Release|Any CPU
		{879D4B06-9CE9-4CC8-9340-84D5B688A3EE}.Release|ARM.Build.0 = Release|Any CPU
		{879D4B06-9CE9-4CC8-9340-84D5B688A3EE}.Release|iPhone.ActiveCfg = Release|Any CPU
		{879D4B06-9CE9-4CC8-9340-84D5B688A3EE}.Release|iPhone.Build.0 = Release|Any CPU
		{879D4B06-9CE9-4CC8-9340-84D5B688A3EE}.Release|iPhoneSimulator.ActiveCfg = Release|Any CPU
		{879D4B06-9CE9-4CC8-9340-84D5B688A3EE}.Release|iPhoneSimulator.Build.0 = Release|Any CPU
		{879D4B06-9CE9-4CC8-9340-84D5B688A3EE}.Release|x64.ActiveCfg = Release|Any CPU
		{879D4B06-9CE9-4CC8-9340-84D5B688A3EE}.Release|x64.Build.0 = Release|Any CPU
		{879D4B06-9CE9-4CC8-9340-84D5B688A3EE}.Release|x86.ActiveCfg = Release|Any CPU
		{879D4B06-9CE9-4CC8-9340-84D5B688A3EE}.Release|x86.Build.0 = Release|Any CPU
		{05A656B1-70B4-4422-9979-33252F04E8A8}.Debug|Any CPU.ActiveCfg = Debug|Any CPU
		{05A656B1-70B4-4422-9979-33252F04E8A8}.Debug|Any CPU.Build.0 = Debug|Any CPU
		{05A656B1-70B4-4422-9979-33252F04E8A8}.Debug|ARM.ActiveCfg = Debug|Any CPU
		{05A656B1-70B4-4422-9979-33252F04E8A8}.Debug|ARM.Build.0 = Debug|Any CPU
		{05A656B1-70B4-4422-9979-33252F04E8A8}.Debug|iPhone.ActiveCfg = Debug|Any CPU
		{05A656B1-70B4-4422-9979-33252F04E8A8}.Debug|iPhone.Build.0 = Debug|Any CPU
		{05A656B1-70B4-4422-9979-33252F04E8A8}.Debug|iPhoneSimulator.ActiveCfg = Debug|Any CPU
		{05A656B1-70B4-4422-9979-33252F04E8A8}.Debug|iPhoneSimulator.Build.0 = Debug|Any CPU
		{05A656B1-70B4-4422-9979-33252F04E8A8}.Debug|x64.ActiveCfg = Debug|Any CPU
		{05A656B1-70B4-4422-9979-33252F04E8A8}.Debug|x64.Build.0 = Debug|Any CPU
		{05A656B1-70B4-4422-9979-33252F04E8A8}.Debug|x86.ActiveCfg = Debug|Any CPU
		{05A656B1-70B4-4422-9979-33252F04E8A8}.Debug|x86.Build.0 = Debug|Any CPU
		{05A656B1-70B4-4422-9979-33252F04E8A8}.Release|Any CPU.ActiveCfg = Release|Any CPU
		{05A656B1-70B4-4422-9979-33252F04E8A8}.Release|Any CPU.Build.0 = Release|Any CPU
		{05A656B1-70B4-4422-9979-33252F04E8A8}.Release|ARM.ActiveCfg = Release|Any CPU
		{05A656B1-70B4-4422-9979-33252F04E8A8}.Release|ARM.Build.0 = Release|Any CPU
		{05A656B1-70B4-4422-9979-33252F04E8A8}.Release|iPhone.ActiveCfg = Release|Any CPU
		{05A656B1-70B4-4422-9979-33252F04E8A8}.Release|iPhone.Build.0 = Release|Any CPU
		{05A656B1-70B4-4422-9979-33252F04E8A8}.Release|iPhoneSimulator.ActiveCfg = Release|Any CPU
		{05A656B1-70B4-4422-9979-33252F04E8A8}.Release|iPhoneSimulator.Build.0 = Release|Any CPU
		{05A656B1-70B4-4422-9979-33252F04E8A8}.Release|x64.ActiveCfg = Release|Any CPU
		{05A656B1-70B4-4422-9979-33252F04E8A8}.Release|x64.Build.0 = Release|Any CPU
		{05A656B1-70B4-4422-9979-33252F04E8A8}.Release|x86.ActiveCfg = Release|Any CPU
		{05A656B1-70B4-4422-9979-33252F04E8A8}.Release|x86.Build.0 = Release|Any CPU
		{18504FCB-634D-47B9-BA9C-C071FA2C6B14}.Debug|Any CPU.ActiveCfg = Debug|Any CPU
		{18504FCB-634D-47B9-BA9C-C071FA2C6B14}.Debug|Any CPU.Build.0 = Debug|Any CPU
		{18504FCB-634D-47B9-BA9C-C071FA2C6B14}.Debug|ARM.ActiveCfg = Debug|Any CPU
		{18504FCB-634D-47B9-BA9C-C071FA2C6B14}.Debug|ARM.Build.0 = Debug|Any CPU
		{18504FCB-634D-47B9-BA9C-C071FA2C6B14}.Debug|iPhone.ActiveCfg = Debug|Any CPU
		{18504FCB-634D-47B9-BA9C-C071FA2C6B14}.Debug|iPhone.Build.0 = Debug|Any CPU
		{18504FCB-634D-47B9-BA9C-C071FA2C6B14}.Debug|iPhoneSimulator.ActiveCfg = Debug|Any CPU
		{18504FCB-634D-47B9-BA9C-C071FA2C6B14}.Debug|iPhoneSimulator.Build.0 = Debug|Any CPU
		{18504FCB-634D-47B9-BA9C-C071FA2C6B14}.Debug|x64.ActiveCfg = Debug|Any CPU
		{18504FCB-634D-47B9-BA9C-C071FA2C6B14}.Debug|x64.Build.0 = Debug|Any CPU
		{18504FCB-634D-47B9-BA9C-C071FA2C6B14}.Debug|x86.ActiveCfg = Debug|Any CPU
		{18504FCB-634D-47B9-BA9C-C071FA2C6B14}.Debug|x86.Build.0 = Debug|Any CPU
		{18504FCB-634D-47B9-BA9C-C071FA2C6B14}.Release|Any CPU.ActiveCfg = Release|Any CPU
		{18504FCB-634D-47B9-BA9C-C071FA2C6B14}.Release|Any CPU.Build.0 = Release|Any CPU
		{18504FCB-634D-47B9-BA9C-C071FA2C6B14}.Release|ARM.ActiveCfg = Release|Any CPU
		{18504FCB-634D-47B9-BA9C-C071FA2C6B14}.Release|ARM.Build.0 = Release|Any CPU
		{18504FCB-634D-47B9-BA9C-C071FA2C6B14}.Release|iPhone.ActiveCfg = Release|Any CPU
		{18504FCB-634D-47B9-BA9C-C071FA2C6B14}.Release|iPhone.Build.0 = Release|Any CPU
		{18504FCB-634D-47B9-BA9C-C071FA2C6B14}.Release|iPhoneSimulator.ActiveCfg = Release|Any CPU
		{18504FCB-634D-47B9-BA9C-C071FA2C6B14}.Release|iPhoneSimulator.Build.0 = Release|Any CPU
		{18504FCB-634D-47B9-BA9C-C071FA2C6B14}.Release|x64.ActiveCfg = Release|Any CPU
		{18504FCB-634D-47B9-BA9C-C071FA2C6B14}.Release|x64.Build.0 = Release|Any CPU
		{18504FCB-634D-47B9-BA9C-C071FA2C6B14}.Release|x86.ActiveCfg = Release|Any CPU
		{18504FCB-634D-47B9-BA9C-C071FA2C6B14}.Release|x86.Build.0 = Release|Any CPU
	EndGlobalSection
	GlobalSection(SolutionProperties) = preSolution
		HideSolutionNode = FALSE
	EndGlobalSection
	GlobalSection(NestedProjects) = preSolution
		{9C9CF464-2AFE-43D4-B7FF-345B6E5C9340} = {D6756AF5-9C82-41D6-BD99-746E7A28D908}
		{879D4B06-9CE9-4CC8-9340-84D5B688A3EE} = {D6756AF5-9C82-41D6-BD99-746E7A28D908}
		{05A656B1-70B4-4422-9979-33252F04E8A8} = {D6756AF5-9C82-41D6-BD99-746E7A28D908}
		{E0C1434C-0663-4C0B-B35D-E88F4DE2A608} = {D6756AF5-9C82-41D6-BD99-746E7A28D908}
		{18504FCB-634D-47B9-BA9C-C071FA2C6B14} = {D6756AF5-9C82-41D6-BD99-746E7A28D908}
	EndGlobalSection
	GlobalSection(ExtensibilityGlobals) = postSolution
		SolutionGuid = {7BFFF239-D8BD-47CB-A8C3-78655C05196A}
	EndGlobalSection
EndGlobal
